
Microsoft Visual Studio Solution File, Format Version 12.00
# Visual Studio Version 17
VisualStudioVersion = 17.10.35013.160
MinimumVisualStudioVersion = 10.0.40219.1
Project("{9A19103F-16F7-4668-BE54-9A1E7A4F7556}") = "ClaimService", "src\ClaimService\ClaimService.csproj", "{057447D9-3E5D-4016-B774-6400FA3CD375}"
EndProject
Project("{9A19103F-16F7-4668-BE54-9A1E7A4F7556}") = "ClaimService.Services", "src\ClaimService.Services\ClaimService.Services.csproj", "{62570931-D021-4649-9878-AE5E7D42687D}"
EndProject
Project("{9A19103F-16F7-4668-BE54-9A1E7A4F7556}") = "ClaimService.Model", "src\ClaimService.Model\ClaimService.Model.csproj", "{746F1E04-1AE1-4985-9E0D-DBB87302C7B7}"
EndProject
Project("{9A19103F-16F7-4668-BE54-9A1E7A4F7556}") = "ClaimService.DataStorage", "src\ClaimService.DataStorage\ClaimService.DataStorage.csproj", "{FBD84478-731E-4F51-808D-EDDB7C203D7E}"
EndProject
Project("{FAE04EC0-301F-11D3-BF4B-00C04F79EFBC}") = "ClaimService.External", "src\ClaimService.External\ClaimService.External.csproj", "{1BA7199F-4715-4717-9166-231327D5DA97}"
EndProject
Global
	GlobalSection(SolutionConfigurationPlatforms) = preSolution
		Debug|Any CPU = Debug|Any CPU
		Release|Any CPU = Release|Any CPU
	EndGlobalSection
	GlobalSection(ProjectConfigurationPlatforms) = postSolution
		{057447D9-3E5D-4016-B774-6400FA3CD375}.Debug|Any CPU.ActiveCfg = Debug|Any CPU
		{057447D9-3E5D-4016-B774-6400FA3CD375}.Debug|Any CPU.Build.0 = Debug|Any CPU
		{057447D9-3E5D-4016-B774-6400FA3CD375}.Release|Any CPU.ActiveCfg = Release|Any CPU
		{057447D9-3E5D-4016-B774-6400FA3CD375}.Release|Any CPU.Build.0 = Release|Any CPU
		{62570931-D021-4649-9878-AE5E7D42687D}.Debug|Any CPU.ActiveCfg = Debug|Any CPU
		{62570931-D021-4649-9878-AE5E7D42687D}.Debug|Any CPU.Build.0 = Debug|Any CPU
		{62570931-D021-4649-9878-AE5E7D42687D}.Release|Any CPU.ActiveCfg = Release|Any CPU
		{62570931-D021-4649-9878-AE5E7D42687D}.Release|Any CPU.Build.0 = Release|Any CPU
		{746F1E04-1AE1-4985-9E0D-DBB87302C7B7}.Debug|Any CPU.ActiveCfg = Debug|Any CPU
		{746F1E04-1AE1-4985-9E0D-DBB87302C7B7}.Debug|Any CPU.Build.0 = Debug|Any CPU
		{746F1E04-1AE1-4985-9E0D-DBB87302C7B7}.Release|Any CPU.ActiveCfg = Release|Any CPU
		{746F1E04-1AE1-4985-9E0D-DBB87302C7B7}.Release|Any CPU.Build.0 = Release|Any CPU
		{FBD84478-731E-4F51-808D-EDDB7C203D7E}.Debug|Any CPU.ActiveCfg = Debug|Any CPU
		{FBD84478-731E-4F51-808D-EDDB7C203D7E}.Debug|Any CPU.Build.0 = Debug|Any CPU
		{FBD84478-731E-4F51-808D-EDDB7C203D7E}.Release|Any CPU.ActiveCfg = Release|Any CPU
		{FBD84478-731E-4F51-808D-EDDB7C203D7E}.Release|Any CPU.Build.0 = Release|Any CPU
		{1BA7199F-4715-4717-9166-231327D5DA97}.Debug|Any CPU.ActiveCfg = Debug|Any CPU
		{1BA7199F-4715-4717-9166-231327D5DA97}.Debug|Any CPU.Build.0 = Debug|Any CPU
		{1BA7199F-4715-4717-9166-231327D5DA97}.Release|Any CPU.ActiveCfg = Release|Any CPU
		{1BA7199F-4715-4717-9166-231327D5DA97}.Release|Any CPU.Build.0 = Release|Any CPU
	EndGlobalSection
	GlobalSection(SolutionProperties) = preSolution
		HideSolutionNode = FALSE
	EndGlobalSection
	GlobalSection(ExtensibilityGlobals) = postSolution
		SolutionGuid = {448699CD-D6E5-49F4-AECF-B397A5C12DF8}
	EndGlobalSection
EndGlobal
